dependencies:
- name: licenses
  repository: https://qliktech.jfrog.io/qliktech/qlikhelm
  version: 1.21.5
- name: bdi-mc
  repository: https://qliktech.jfrog.io/qliktech/qlikhelm
  version: 0.2.19
- name: nginx-ingress
  repository: https://kubernetes-charts.storage.googleapis.com/
  version: 1.39.0
- name: redis-ha
  repository: https://kubernetes-charts.storage.googleapis.com/
  version: 3.6.1
- name: minio
  repository: https://kubernetes-charts.storage.googleapis.com/
  version: 5.0.25
- name: minio
  repository: https://kubernetes-charts.storage.googleapis.com/
  version: 5.0.25
digest: sha256:4164353d5b95464099978c7c2075a56091974dba6733c3e2328a7d69743bb67d
generated: "2020-09-22T11:46:51.711766436Z"
