dependencies:
- name: licenses
  repository: https://qliktech.jfrog.io/qliktech/qlikhelm
  version: 2.0.9
- name: bdi-mc
  repository: https://qliktech.jfrog.io/qliktech/qlikhelm
  version: 0.2.19
- name: nginx-ingress
  repository: https://kubernetes-charts.storage.googleapis.com/
  version: 1.39.0
- name: redis-ha
  repository: https://kubernetes-charts.storage.googleapis.com/
  version: 3.6.1
- name: minio
  repository: https://kubernetes-charts.storage.googleapis.com/
  version: 5.0.25
- name: minio
  repository: https://kubernetes-charts.storage.googleapis.com/
  version: 5.0.25
digest: sha256:4873b58face77352cf04347af286a37e3cfca6e26be2458e40ff4cf0c269c70f
generated: "2020-09-30T17:06:59.296601+02:00"
